
Microsoft Visual Studio Solution File, Format Version 12.00
# Visual Studio Version 16
VisualStudioVersion = 16.0.28407.52
MinimumVisualStudioVersion = 10.0.40219.1
Project("{9A19103F-16F7-4668-BE54-9A1E7A4F7556}") = "Sample.Common", "Sample.Common\Sample.Common.csproj", "{0A2B7CBF-01D2-4CE6-97AA-514FE011E70C}"
EndProject
Project("{9A19103F-16F7-4668-BE54-9A1E7A4F7556}") = "TeamsIVRBotSample", "TeamsIVRBotSample\TeamsIVRBotSample.csproj", "{2F5BFB24-E434-4630-8EDD-0E0AC636360E}"
EndProject
Global
	GlobalSection(SolutionConfigurationPlatforms) = preSolution
		Debug|Any CPU = Debug|Any CPU
		Release|Any CPU = Release|Any CPU
	EndGlobalSection
	GlobalSection(ProjectConfigurationPlatforms) = postSolution
		{0A2B7CBF-01D2-4CE6-97AA-514FE011E70C}.Debug|Any CPU.ActiveCfg = Debug|Any CPU
		{0A2B7CBF-01D2-4CE6-97AA-514FE011E70C}.Debug|Any CPU.Build.0 = Debug|Any CPU
		{0A2B7CBF-01D2-4CE6-97AA-514FE011E70C}.Release|Any CPU.ActiveCfg = Release|Any CPU
		{0A2B7CBF-01D2-4CE6-97AA-514FE011E70C}.Release|Any CPU.Build.0 = Release|Any CPU
		{2F5BFB24-E434-4630-8EDD-0E0AC636360E}.Debug|Any CPU.ActiveCfg = Debug|Any CPU
		{2F5BFB24-E434-4630-8EDD-0E0AC636360E}.Debug|Any CPU.Build.0 = Debug|Any CPU
		{2F5BFB24-E434-4630-8EDD-0E0AC636360E}.Release|Any CPU.ActiveCfg = Release|Any CPU
		{2F5BFB24-E434-4630-8EDD-0E0AC636360E}.Release|Any CPU.Build.0 = Release|Any CPU
	EndGlobalSection
	GlobalSection(SolutionProperties) = preSolution
		HideSolutionNode = FALSE
	EndGlobalSection
	GlobalSection(ExtensibilityGlobals) = postSolution
		SolutionGuid = {41816EBF-926C-4C04-9BE0-6296DF7B9FD7}
	EndGlobalSection
EndGlobal
